// !$*UTF8*$!
{
	archiveVersion = 1;
	classes = {
	};
	objectVersion = 46;
	objects = {

/* Begin PBXBuildFile section */
		8D53519F1C4F191E009AFBC6 /* AppDelegate.swift in Sources */ = {isa = PBXBuildFile; fileRef = 8D53519E1C4F191E009AFBC6 /* AppDelegate.swift */; };
		8D5351A11C4F191E009AFBC6 /* ViewController.swift in Sources */ = {isa = PBXBuildFile; fileRef = 8D5351A01C4F191E009AFBC6 /* ViewController.swift */; };
		8D5351A41C4F191E009AFBC6 /* Main.storyboard in Resources */ = {isa = PBXBuildFile; fileRef = 8D5351A21C4F191E009AFBC6 /* Main.storyboard */; };
		8D5351A61C4F191E009AFBC6 /* Assets.xcassets in Resources */ = {isa = PBXBuildFile; fileRef = 8D5351A51C4F191E009AFBC6 /* Assets.xcassets */; };
		8D5351A91C4F191E009AFBC6 /* LaunchScreen.storyboard in Resources */ = {isa = PBXBuildFile; fileRef = 8D5351A71C4F191E009AFBC6 /* LaunchScreen.storyboard */; };
		8D5351B51C4F193D009AFBC6 /* chalkboard.jpg in Resources */ = {isa = PBXBuildFile; fileRef = 8D5351B01C4F193D009AFBC6 /* chalkboard.jpg */; };
		8D5351B61C4F193D009AFBC6 /* circle.png in Resources */ = {isa = PBXBuildFile; fileRef = 8D5351B11C4F193D009AFBC6 /* circle.png */; };
		8D5351B71C4F193D009AFBC6 /* play.png in Resources */ = {isa = PBXBuildFile; fileRef = 8D5351B21C4F193D009AFBC6 /* play.png */; };
		8D5351B91C4F193D009AFBC6 /* star.png in Resources */ = {isa = PBXBuildFile; fileRef = 8D5351B41C4F193D009AFBC6 /* star.png */; };
		8D5351BC1C4F1945009AFBC6 /* Times-Play.png in Resources */ = {isa = PBXBuildFile; fileRef = 8D5351BA1C4F1945009AFBC6 /* Times-Play.png */; };
		8D5351C51C4F2560009AFBC6 /* QuizViewController.swift in Sources */ = {isa = PBXBuildFile; fileRef = 8D5351C41C4F2560009AFBC6 /* QuizViewController.swift */; };
		8D5351C91C4F3DC6009AFBC6 /* Cheer.m4a in Resources */ = {isa = PBXBuildFile; fileRef = 8D5351C81C4F3DC6009AFBC6 /* Cheer.m4a */; };
		8D5351CB1C4F3DD4009AFBC6 /* Aww.m4a in Resources */ = {isa = PBXBuildFile; fileRef = 8D5351CA1C4F3DD4009AFBC6 /* Aww.m4a */; };
		8DEC837A1C51BAF000F0C72E /* polygon.png in Resources */ = {isa = PBXBuildFile; fileRef = 8DEC83791C51BAF000F0C72E /* polygon.png */; };
		8DEC837C1C51BC0800F0C72E /* square.png in Resources */ = {isa = PBXBuildFile; fileRef = 8DEC837B1C51BC0800F0C72E /* square.png */; };
/* End PBXBuildFile section */

/* Begin PBXFileReference section */
		8D53519B1C4F191E009AFBC6 /* Times Play.app */ = {isa = PBXFileReference; explicitFileType = wrapper.application; includeInIndex = 0; path = "Times Play.app"; sourceTree = BUILT_PRODUCTS_DIR; };
		8D53519E1C4F191E009AFBC6 /* AppDelegate.swift */ = {isa = PBXFileReference; lastKnownFileType = sourcecode.swift; path = AppDelegate.swift; sourceTree = "<group>"; };
		8D5351A01C4F191E009AFBC6 /* ViewController.swift */ = {isa = PBXFileReference; lastKnownFileType = sourcecode.swift; path = ViewController.swift; sourceTree = "<group>"; };
		8D5351A31C4F191E009AFBC6 /* Base */ = {isa = PBXFileReference; lastKnownFileType = file.storyboard; name = Base; path = Base.lproj/Main.storyboard; sourceTree = "<group>"; };
		8D5351A51C4F191E009AFBC6 /* Assets.xcassets */ = {isa = PBXFileReference; lastKnownFileType = folder.assetcatalog; path = Assets.xcassets; sourceTree = "<group>"; };
		8D5351A81C4F191E009AFBC6 /* Base */ = {isa = PBXFileReference; lastKnownFileType = file.storyboard; name = Base; path = Base.lproj/LaunchScreen.storyboard; sourceTree = "<group>"; };
		8D5351AA1C4F191E009AFBC6 /* Info.plist */ = {isa = PBXFileReference; lastKnownFileType = text.plist.xml; path = Info.plist; sourceTree = "<group>"; };
		8D5351B01C4F193D009AFBC6 /* chalkboard.jpg */ = {isa = PBXFileReference; lastKnownFileType = image.jpeg; path = chalkboard.jpg; sourceTree = "<group>"; };
		8D5351B11C4F193D009AFBC6 /* circle.png */ = {isa = PBXFileReference; lastKnownFileType = image.png; path = circle.png; sourceTree = "<group>"; };
		8D5351B21C4F193D009AFBC6 /* play.png */ = {isa = PBXFileReference; lastKnownFileType = image.png; path = play.png; sourceTree = "<group>"; };
		8D5351B41C4F193D009AFBC6 /* star.png */ = {isa = PBXFileReference; lastKnownFileType = image.png; path = star.png; sourceTree = "<group>"; };
		8D5351BA1C4F1945009AFBC6 /* Times-Play.png */ = {isa = PBXFileReference; lastKnownFileType = image.png; path = "Times-Play.png"; sourceTree = "<group>"; };
		8D5351C41C4F2560009AFBC6 /* QuizViewController.swift */ = {isa = PBXFileReference; fileEncoding = 4; lastKnownFileType = sourcecode.swift; path = QuizViewController.swift; sourceTree = "<group>"; };
		8D5351C81C4F3DC6009AFBC6 /* Cheer.m4a */ = {isa = PBXFileReference; lastKnownFileType = file; path = Cheer.m4a; sourceTree = "<group>"; };
		8D5351CA1C4F3DD4009AFBC6 /* Aww.m4a */ = {isa = PBXFileReference; lastKnownFileType = file; path = Aww.m4a; sourceTree = "<group>"; };
		8DEC83791C51BAF000F0C72E /* polygon.png */ = {isa = PBXFileReference; lastKnownFileType = image.png; path = polygon.png; sourceTree = "<group>"; };
		8DEC837B1C51BC0800F0C72E /* square.png */ = {isa = PBXFileReference; lastKnownFileType = image.png; path = square.png; sourceTree = "<group>"; };
/* End PBXFileReference section */

/* Begin PBXFrameworksBuildPhase section */
		8D5351981C4F191E009AFBC6 /* Frameworks */ = {
			isa = PBXFrameworksBuildPhase;
			buildActionMask = 2147483647;
			files = (
			);
			runOnlyForDeploymentPostprocessing = 0;
		};
/* End PBXFrameworksBuildPhase section */

/* Begin PBXGroup section */
		8D5351921C4F191E009AFBC6 = {
			isa = PBXGroup;
			children = (
				8D53519D1C4F191E009AFBC6 /* Times Play */,
				8D53519C1C4F191E009AFBC6 /* Products */,
				8D5351C01C4F1957009AFBC6 /* Images */,
				8D5351C11C4F1960009AFBC6 /* Sounds */,
			);
			sourceTree = "<group>";
		};
		8D53519C1C4F191E009AFBC6 /* Products */ = {
			isa = PBXGroup;
			children = (
				8D53519B1C4F191E009AFBC6 /* Times Play.app */,
			);
			name = Products;
			sourceTree = "<group>";
		};
		8D53519D1C4F191E009AFBC6 /* Times Play */ = {
			isa = PBXGroup;
			children = (
				8D53519E1C4F191E009AFBC6 /* AppDelegate.swift */,
				8D5351A01C4F191E009AFBC6 /* ViewController.swift */,
				8D5351A21C4F191E009AFBC6 /* Main.storyboard */,
				8D5351A51C4F191E009AFBC6 /* Assets.xcassets */,
				8D5351A71C4F191E009AFBC6 /* LaunchScreen.storyboard */,
				8D5351AA1C4F191E009AFBC6 /* Info.plist */,
				8D5351C41C4F2560009AFBC6 /* QuizViewController.swift */,
			);
			path = "Times Play";
			sourceTree = "<group>";
		};
		8D5351C01C4F1957009AFBC6 /* Images */ = {
			isa = PBXGroup;
			children = (
				8DEC837B1C51BC0800F0C72E /* square.png */,
				8D5351B01C4F193D009AFBC6 /* chalkboard.jpg */,
				8D5351B11C4F193D009AFBC6 /* circle.png */,
				8D5351B21C4F193D009AFBC6 /* play.png */,
				8DEC83791C51BAF000F0C72E /* polygon.png */,
				8D5351B41C4F193D009AFBC6 /* star.png */,
				8D5351BA1C4F1945009AFBC6 /* Times-Play.png */,
			);
			name = Images;
			sourceTree = "<group>";
		};
		8D5351C11C4F1960009AFBC6 /* Sounds */ = {
			isa = PBXGroup;
			children = (
				8D5351CA1C4F3DD4009AFBC6 /* Aww.m4a */,
				8D5351C81C4F3DC6009AFBC6 /* Cheer.m4a */,
			);
			name = Sounds;
			sourceTree = "<group>";
		};
/* End PBXGroup section */

/* Begin PBXNativeTarget section */
		8D53519A1C4F191E009AFBC6 /* Times Play */ = {
			isa = PBXNativeTarget;
			buildConfigurationList = 8D5351AD1C4F191E009AFBC6 /* Build configuration list for PBXNativeTarget "Times Play" */;
			buildPhases = (
				8D5351971C4F191E009AFBC6 /* Sources */,
				8D5351981C4F191E009AFBC6 /* Frameworks */,
				8D5351991C4F191E009AFBC6 /* Resources */,
			);
			buildRules = (
			);
			dependencies = (
			);
			name = "Times Play";
			productName = "Times Play";
			productReference = 8D53519B1C4F191E009AFBC6 /* Times Play.app */;
			productType = "com.apple.product-type.application";
		};
/* End PBXNativeTarget section */

/* Begin PBXProject section */
		8D5351931C4F191E009AFBC6 /* Project object */ = {
			isa = PBXProject;
			attributes = {
				LastSwiftUpdateCheck = 0720;
				LastUpgradeCheck = 0720;
				ORGANIZATIONNAME = SCDE;
				TargetAttributes = {
					8D53519A1C4F191E009AFBC6 = {
						CreatedOnToolsVersion = 7.2;
						DevelopmentTeam = AUW28E79X4;
					};
				};
			};
			buildConfigurationList = 8D5351961C4F191E009AFBC6 /* Build configuration list for PBXProject "Times Play" */;
			compatibilityVersion = "Xcode 3.2";
			developmentRegion = English;
			hasScannedForEncodings = 0;
			knownRegions = (
				en,
				Base,
			);
			mainGroup = 8D5351921C4F191E009AFBC6;
			productRefGroup = 8D53519C1C4F191E009AFBC6 /* Products */;
			projectDirPath = "";
			projectRoot = "";
			targets = (
				8D53519A1C4F191E009AFBC6 /* Times Play */,
			);
		};
/* End PBXProject section */

/* Begin PBXResourcesBuildPhase section */
		8D5351991C4F191E009AFBC6 /* Resources */ = {
			isa = PBXResourcesBuildPhase;
			buildActionMask = 2147483647;
			files = (
				8D5351B51C4F193D009AFBC6 /* chalkboard.jpg in Resources */,
				8D5351A91C4F191E009AFBC6 /* LaunchScreen.storyboard in Resources */,
				8DEC837A1C51BAF000F0C72E /* polygon.png in Resources */,
				8D5351BC1C4F1945009AFBC6 /* Times-Play.png in Resources */,
				8D5351B61C4F193D009AFBC6 /* circle.png in Resources */,
				8D5351CB1C4F3DD4009AFBC6 /* Aww.m4a in Resources */,
				8D5351A61C4F191E009AFBC6 /* Assets.xcassets in Resources */,
				8D5351B91C4F193D009AFBC6 /* star.png in Resources */,
				8D5351A41C4F191E009AFBC6 /* Main.storyboard in Resources */,
				8D5351C91C4F3DC6009AFBC6 /* Cheer.m4a in Resources */,
				8DEC837C1C51BC0800F0C72E /* square.png in Resources */,
				8D5351B71C4F193D009AFBC6 /* play.png in Resources */,
			);
			runOnlyForDeploymentPostprocessing = 0;
		};
/* End PBXResourcesBuildPhase section */

/* Begin PBXSourcesBuildPhase section */
		8D5351971C4F191E009AFBC6 /* Sources */ = {
			isa = PBXSourcesBuildPhase;
			buildActionMask = 2147483647;
			files = (
				8D5351C51C4F2560009AFBC6 /* QuizViewController.swift in Sources */,
				8D5351A11C4F191E009AFBC6 /* ViewController.swift in Sources */,
				8D53519F1C4F191E009AFBC6 /* AppDelegate.swift in Sources */,
			);
			runOnlyForDeploymentPostprocessing = 0;
		};
/* End PBXSourcesBuildPhase section */

/* Begin PBXVariantGroup section */
		8D5351A21C4F191E009AFBC6 /* Main.storyboard */ = {
			isa = PBXVariantGroup;
			children = (
				8D5351A31C4F191E009AFBC6 /* Base */,
			);
			name = Main.storyboard;
			sourceTree = "<group>";
		};
		8D5351A71C4F191E009AFBC6 /* LaunchScreen.storyboard */ = {
			isa = PBXVariantGroup;
			children = (
				8D5351A81C4F191E009AFBC6 /* Base */,
			);
			name = LaunchScreen.storyboard;
			sourceTree = "<group>";
		};
/* End PBXVariantGroup section */

/* Begin XCBuildConfiguration section */
		8D5351AB1C4F191E009AFBC6 /* Debug */ = {
			isa = XCBuildConfiguration;
			buildSettings = {
				ALWAYS_SEARCH_USER_PATHS = NO;
				CLANG_CXX_LANGUAGE_STANDARD = "gnu++0x";
				CLANG_CXX_LIBRARY = "libc++";
				CLANG_ENABLE_MODULES = YES;
				CLANG_ENABLE_OBJC_ARC = YES;
				CLANG_WARN_BOOL_CONVERSION = YES;
				CLANG_WARN_CONSTANT_CONVERSION = YES;
				CLANG_WARN_DIRECT_OBJC_ISA_USAGE = YES_ERROR;
				CLANG_WARN_EMPTY_BODY = YES;
				CLANG_WARN_ENUM_CONVERSION = YES;
				CLANG_WARN_INT_CONVERSION = YES;
				CLANG_WARN_OBJC_ROOT_CLASS = YES_ERROR;
				CLANG_WARN_UNREACHABLE_CODE = YES;
				CLANG_WARN__DUPLICATE_METHOD_MATCH = YES;
				"CODE_SIGN_IDENTITY[sdk=iphoneos*]" = "iPhone Developer";
				COPY_PHASE_STRIP = NO;
				DEBUG_INFORMATION_FORMAT = dwarf;
				ENABLE_STRICT_OBJC_MSGSEND = YES;
				ENABLE_TESTABILITY = YES;
				GCC_C_LANGUAGE_STANDARD = gnu99;
				GCC_DYNAMIC_NO_PIC = NO;
				GCC_NO_COMMON_BLOCKS = YES;
				GCC_OPTIMIZATION_LEVEL = 0;
				GCC_PREPROCESSOR_DEFINITIONS = (
					"DEBUG=1",
					"$(inherited)",
				);
				GCC_WARN_64_TO_32_BIT_CONVERSION = YES;
				GCC_WARN_ABOUT_RETURN_TYPE = YES_ERROR;
				GCC_WARN_UNDECLARED_SELECTOR = YES;
				GCC_WARN_UNINITIALIZED_AUTOS = YES_AGGRESSIVE;
				GCC_WARN_UNUSED_FUNCTION = YES;
				GCC_WARN_UNUSED_VARIABLE = YES;
				IPHONEOS_DEPLOYMENT_TARGET = 9.2;
				MTL_ENABLE_DEBUG_INFO = YES;
				ONLY_ACTIVE_ARCH = YES;
				SDKROOT = iphoneos;
				SWIFT_OPTIMIZATION_LEVEL = "-Onone";
				TARGETED_DEVICE_FAMILY = "1,2";
			};
			name = Debug;
		};
		8D5351AC1C4F191E009AFBC6 /* Release */ = {
			isa = XCBuildConfiguration;
			buildSettings = {
				ALWAYS_SEARCH_USER_PATHS = NO;
				CLANG_CXX_LANGUAGE_STANDARD = "gnu++0x";
				CLANG_CXX_LIBRARY = "libc++";
				CLANG_ENABLE_MODULES = YES;
				CLANG_ENABLE_OBJC_ARC = YES;
				CLANG_WARN_BOOL_CONVERSION = YES;
				CLANG_WARN_CONSTANT_CONVERSION = YES;
				CLANG_WARN_DIRECT_OBJC_ISA_USAGE = YES_ERROR;
				CLANG_WARN_EMPTY_BODY = YES;
				CLANG_WARN_ENUM_CONVERSION = YES;
				CLANG_WARN_INT_CONVERSION = YES;
				CLANG_WARN_OBJC_ROOT_CLASS = YES_ERROR;
				CLANG_WARN_UNREACHABLE_CODE = YES;
				CLANG_WARN__DUPLICATE_METHOD_MATCH = YES;
				"CODE_SIGN_IDENTITY[sdk=iphoneos*]" = "iPhone Developer";
				COPY_PHASE_STRIP = NO;
				DEBUG_INFORMATION_FORMAT = "dwarf-with-dsym";
				ENABLE_NS_ASSERTIONS = NO;
				ENABLE_STRICT_OBJC_MSGSEND = YES;
				GCC_C_LANGUAGE_STANDARD = gnu99;
				GCC_NO_COMMON_BLOCKS = YES;
				GCC_WARN_64_TO_32_BIT_CONVERSION = YES;
				GCC_WARN_ABOUT_RETURN_TYPE = YES_ERROR;
				GCC_WARN_UNDECLARED_SELECTOR = YES;
				GCC_WARN_UNINITIALIZED_AUTOS = YES_AGGRESSIVE;
				GCC_WARN_UNUSED_FUNCTION = YES;
				GCC_WARN_UNUSED_VARIABLE = YES;
				IPHONEOS_DEPLOYMENT_TARGET = 9.2;
				MTL_ENABLE_DEBUG_INFO = NO;
				SDKROOT = iphoneos;
				TARGETED_DEVICE_FAMILY = "1,2";
				VALIDATE_PRODUCT = YES;
			};
			name = Release;
		};
		8D5351AE1C4F191E009AFBC6 /* Debug */ = {
			isa = XCBuildConfiguration;
			buildSettings = {
				ASSETCATALOG_COMPILER_APPICON_NAME = AppIcon;
				CODE_SIGN_IDENTITY = "iPhone Developer";
				INFOPLIST_FILE = "Times Play/Info.plist";
				LD_RUNPATH_SEARCH_PATHS = "$(inherited) @executable_path/Frameworks";
				PRODUCT_BUNDLE_IDENTIFIER = "com.SCDE.Times-Play";
				PRODUCT_NAME = "$(TARGET_NAME)";
			};
			name = Debug;
		};
		8D5351AF1C4F191E009AFBC6 /* Release */ = {
			isa = XCBuildConfiguration;
			buildSettings = {
				ASSETCATALOG_COMPILER_APPICON_NAME = AppIcon;
				CODE_SIGN_IDENTITY = "iPhone Developer";
				INFOPLIST_FILE = "Times Play/Info.plist";
				LD_RUNPATH_SEARCH_PATHS = "$(inherited) @executable_path/Frameworks";
				PRODUCT_BUNDLE_IDENTIFIER = "com.SCDE.Times-Play";
				PRODUCT_NAME = "$(TARGET_NAME)";
			};
			name = Release;
		};
/* End XCBuildConfiguration section */

/* Begin XCConfigurationList section */
		8D5351961C4F191E009AFBC6 /* Build configuration list for PBXProject "Times Play" */ = {
			isa = XCConfigurationList;
			buildConfigurations = (
				8D5351AB1C4F191E009AFBC6 /* Debug */,
				8D5351AC1C4F191E009AFBC6 /* Release */,
			);
			defaultConfigurationIsVisible = 0;
			defaultConfigurationName = Release;
		};
		8D5351AD1C4F191E009AFBC6 /* Build configuration list for PBXNativeTarget "Times Play" */ = {
			isa = XCConfigurationList;
			buildConfigurations = (
				8D5351AE1C4F191E009AFBC6 /* Debug */,
				8D5351AF1C4F191E009AFBC6 /* Release */,
			);
			defaultConfigurationIsVisible = 0;
			defaultConfigurationName = Release;
		};
/* End XCConfigurationList section */
	};
	rootObject = 8D5351931C4F191E009AFBC6 /* Project object */;
}
